
Microsoft Visual Studio Solution File, Format Version 11.00
# Visual Studio 2010
Project("{FAE04EC0-301F-11D3-BF4B-00C04F79EFBC}") = "KinectControll", "KinectControll\KinectControll.csproj", "{89A69964-0193-4D85-B363-4E2DF286F5B3}"
EndProject
Global
	GlobalSection(SolutionConfigurationPlatforms) = preSolution
		Debug|x86 = Debug|x86
		Release|x86 = Release|x86
	EndGlobalSection
	GlobalSection(ProjectConfigurationPlatforms) = postSolution
		{89A69964-0193-4D85-B363-4E2DF286F5B3}.Debug|x86.ActiveCfg = Debug|x86
		{89A69964-0193-4D85-B363-4E2DF286F5B3}.Debug|x86.Build.0 = Debug|x86
		{89A69964-0193-4D85-B363-4E2DF286F5B3}.Release|x86.ActiveCfg = Release|x86
		{89A69964-0193-4D85-B363-4E2DF286F5B3}.Release|x86.Build.0 = Release|x86
	EndGlobalSection
	GlobalSection(SolutionProperties) = preSolution
		HideSolutionNode = FALSE
	EndGlobalSection
EndGlobal
